// !$*UTF8*$!
{
	archiveVersion = 1;
	classes = {
	};
	objectVersion = 48;
	objects = {

/* Begin PBXBuildFile section */
		DE564745201A3E7B00CC2DD1 /* AppDelegate.swift in Sources */ = {isa = PBXBuildFile; fileRef = DE564744201A3E7B00CC2DD1 /* AppDelegate.swift */; };
		DE564747201A3E7B00CC2DD1 /* ViewController.swift in Sources */ = {isa = PBXBuildFile; fileRef = DE564746201A3E7B00CC2DD1 /* ViewController.swift */; };
		DE56474A201A3E7B00CC2DD1 /* Main.storyboard in Resources */ = {isa = PBXBuildFile; fileRef = DE564748201A3E7B00CC2DD1 /* Main.storyboard */; };
		DE56474C201A3E7B00CC2DD1 /* Assets.xcassets in Resources */ = {isa = PBXBuildFile; fileRef = DE56474B201A3E7B00CC2DD1 /* Assets.xcassets */; };
		DE56474F201A3E7B00CC2DD1 /* LaunchScreen.storyboard in Resources */ = {isa = PBXBuildFile; fileRef = DE56474D201A3E7B00CC2DD1 /* LaunchScreen.storyboard */; };
/* End PBXBuildFile section */

/* Begin PBXFileReference section */
		DE564741201A3E7B00CC2DD1 /* Student Registration GDP.app */ = {isa = PBXFileReference; explicitFileType = wrapper.application; includeInIndex = 0; path = "Student Registration GDP.app"; sourceTree = BUILT_PRODUCTS_DIR; };
		DE564744201A3E7B00CC2DD1 /* AppDelegate.swift */ = {isa = PBXFileReference; lastKnownFileType = sourcecode.swift; path = AppDelegate.swift; sourceTree = "<group>"; };
		DE564746201A3E7B00CC2DD1 /* ViewController.swift */ = {isa = PBXFileReference; lastKnownFileType = sourcecode.swift; path = ViewController.swift; sourceTree = "<group>"; };
		DE564749201A3E7B00CC2DD1 /* Base */ = {isa = PBXFileReference; lastKnownFileType = file.storyboard; name = Base; path = Base.lproj/Main.storyboard; sourceTree = "<group>"; };
		DE56474B201A3E7B00CC2DD1 /* Assets.xcassets */ = {isa = PBXFileReference; lastKnownFileType = folder.assetcatalog; path = Assets.xcassets; sourceTree = "<group>"; };
		DE56474E201A3E7B00CC2DD1 /* Base */ = {isa = PBXFileReference; lastKnownFileType = file.storyboard; name = Base; path = Base.lproj/LaunchScreen.storyboard; sourceTree = "<group>"; };
		DE564750201A3E7B00CC2DD1 /* Info.plist */ = {isa = PBXFileReference; lastKnownFileType = text.plist.xml; path = Info.plist; sourceTree = "<group>"; };
/* End PBXFileReference section */

/* Begin PBXFrameworksBuildPhase section */
		DE56473E201A3E7B00CC2DD1 /* Frameworks */ = {
			isa = PBXFrameworksBuildPhase;
			buildActionMask = 2147483647;
			files = (
			);
			runOnlyForDeploymentPostprocessing = 0;
		};
/* End PBXFrameworksBuildPhase section */

/* Begin PBXGroup section */
		DE564738201A3E7A00CC2DD1 = {
			isa = PBXGroup;
			children = (
				DE564743201A3E7B00CC2DD1 /* Student Registration GDP */,
				DE564742201A3E7B00CC2DD1 /* Products */,
			);
			sourceTree = "<group>";
		};
		DE564742201A3E7B00CC2DD1 /* Products */ = {
			isa = PBXGroup;
			children = (
				DE564741201A3E7B00CC2DD1 /* Student Registration GDP.app */,
			);
			name = Products;
			sourceTree = "<group>";
		};
		DE564743201A3E7B00CC2DD1 /* Student Registration GDP */ = {
			isa = PBXGroup;
			children = (
				DE564744201A3E7B00CC2DD1 /* AppDelegate.swift */,
				DE564746201A3E7B00CC2DD1 /* ViewController.swift */,
				DE564748201A3E7B00CC2DD1 /* Main.storyboard */,
				DE56474B201A3E7B00CC2DD1 /* Assets.xcassets */,
				DE56474D201A3E7B00CC2DD1 /* LaunchScreen.storyboard */,
				DE564750201A3E7B00CC2DD1 /* Info.plist */,
			);
			path = "Student Registration GDP";
			sourceTree = "<group>";
		};
/* End PBXGroup section */

/* Begin PBXNativeTarget section */
		DE564740201A3E7B00CC2DD1 /* Student Registration GDP */ = {
			isa = PBXNativeTarget;
			buildConfigurationList = DE564753201A3E7B00CC2DD1 /* Build configuration list for PBXNativeTarget "Student Registration GDP" */;
			buildPhases = (
				DE56473D201A3E7B00CC2DD1 /* Sources */,
				DE56473E201A3E7B00CC2DD1 /* Frameworks */,
				DE56473F201A3E7B00CC2DD1 /* Resources */,
			);
			buildRules = (
			);
			dependencies = (
			);
			name = "Student Registration GDP";
			productName = "Student Registration GDP";
			productReference = DE564741201A3E7B00CC2DD1 /* Student Registration GDP.app */;
			productType = "com.apple.product-type.application";
		};
/* End PBXNativeTarget section */

/* Begin PBXProject section */
		DE564739201A3E7B00CC2DD1 /* Project object */ = {
			isa = PBXProject;
			attributes = {
				LastSwiftUpdateCheck = 0920;
				LastUpgradeCheck = 0920;
				ORGANIZATIONNAME = "Reddygari,Amarendar Reddy";
				TargetAttributes = {
					DE564740201A3E7B00CC2DD1 = {
						CreatedOnToolsVersion = 9.2;
						ProvisioningStyle = Automatic;
					};
				};
			};
			buildConfigurationList = DE56473C201A3E7B00CC2DD1 /* Build configuration list for PBXProject "Student Registration GDP" */;
			compatibilityVersion = "Xcode 8.0";
			developmentRegion = en;
			hasScannedForEncodings = 0;
			knownRegions = (
				en,
				Base,
			);
			mainGroup = DE564738201A3E7A00CC2DD1;
			productRefGroup = DE564742201A3E7B00CC2DD1 /* Products */;
			projectDirPath = "";
			projectRoot = "";
			targets = (
				DE564740201A3E7B00CC2DD1 /* Student Registration GDP */,
			);
		};
/* End PBXProject section */

/* Begin PBXResourcesBuildPhase section */
		DE56473F201A3E7B00CC2DD1 /* Resources */ = {
			isa = PBXResourcesBuildPhase;
			buildActionMask = 2147483647;
			files = (
				DE56474F201A3E7B00CC2DD1 /* LaunchScreen.storyboard in Resources */,
				DE56474C201A3E7B00CC2DD1 /* Assets.xcassets in Resources */,
				DE56474A201A3E7B00CC2DD1 /* Main.storyboard in Resources */,
			);
			runOnlyForDeploymentPostprocessing = 0;
		};
/* End PBXResourcesBuildPhase section */

/* Begin PBXSourcesBuildPhase section */
		DE56473D201A3E7B00CC2DD1 /* Sources */ = {
			isa = PBXSourcesBuildPhase;
			buildActionMask = 2147483647;
			files = (
				DE564747201A3E7B00CC2DD1 /* ViewController.swift in Sources */,
				DE564745201A3E7B00CC2DD1 /* AppDelegate.swift in Sources */,
			);
			runOnlyForDeploymentPostprocessing = 0;
		};
/* End PBXSourcesBuildPhase section */

/* Begin PBXVariantGroup section */
		DE564748201A3E7B00CC2DD1 /* Main.storyboard */ = {
			isa = PBXVariantGroup;
			children = (
				DE564749201A3E7B00CC2DD1 /* Base */,
			);
			name = Main.storyboard;
			sourceTree = "<group>";
		};
		DE56474D201A3E7B00CC2DD1 /* LaunchScreen.storyboard */ = {
			isa = PBXVariantGroup;
			children = (
				DE56474E201A3E7B00CC2DD1 /* Base */,
			);
			name = LaunchScreen.storyboard;
			sourceTree = "<group>";
		};
/* End PBXVariantGroup section */

/* Begin XCBuildConfiguration section */
		DE564751201A3E7B00CC2DD1 /* Debug */ = {
			isa = XCBuildConfiguration;
			buildSettings = {
				ALWAYS_SEARCH_USER_PATHS = NO;
				CLANG_ANALYZER_NONNULL = YES;
				CLANG_ANALYZER_NUMBER_OBJECT_CONVERSION = YES_AGGRESSIVE;
				CLANG_CXX_LANGUAGE_STANDARD = "gnu++14";
				CLANG_CXX_LIBRARY = "libc++";
				CLANG_ENABLE_MODULES = YES;
				CLANG_ENABLE_OBJC_ARC = YES;
				CLANG_WARN_BLOCK_CAPTURE_AUTORELEASING = YES;
				CLANG_WARN_BOOL_CONVERSION = YES;
				CLANG_WARN_COMMA = YES;
				CLANG_WARN_CONSTANT_CONVERSION = YES;
				CLANG_WARN_DIRECT_OBJC_ISA_USAGE = YES_ERROR;
				CLANG_WARN_DOCUMENTATION_COMMENTS = YES;
				CLANG_WARN_EMPTY_BODY = YES;
				CLANG_WARN_ENUM_CONVERSION = YES;
				CLANG_WARN_INFINITE_RECURSION = YES;
				CLANG_WARN_INT_CONVERSION = YES;
				CLANG_WARN_NON_LITERAL_NULL_CONVERSION = YES;
				CLANG_WARN_OBJC_LITERAL_CONVERSION = YES;
				CLANG_WARN_OBJC_ROOT_CLASS = YES_ERROR;
				CLANG_WARN_RANGE_LOOP_ANALYSIS = YES;
				CLANG_WARN_STRICT_PROTOTYPES = YES;
				CLANG_WARN_SUSPICIOUS_MOVE = YES;
				CLANG_WARN_UNGUARDED_AVAILABILITY = YES_AGGRESSIVE;
				CLANG_WARN_UNREACHABLE_CODE = YES;
				CLANG_WARN__DUPLICATE_METHOD_MATCH = YES;
				CODE_SIGN_IDENTITY = "iPhone Developer";
				COPY_PHASE_STRIP = NO;
				DEBUG_INFORMATION_FORMAT = dwarf;
				ENABLE_STRICT_OBJC_MSGSEND = YES;
				ENABLE_TESTABILITY = YES;
				GCC_C_LANGUAGE_STANDARD = gnu11;
				GCC_DYNAMIC_NO_PIC = NO;
				GCC_NO_COMMON_BLOCKS = YES;
				GCC_OPTIMIZATION_LEVEL = 0;
				GCC_PREPROCESSOR_DEFINITIONS = (
					"DEBUG=1",
					"$(inherited)",
				);
				GCC_WARN_64_TO_32_BIT_CONVERSION = YES;
				GCC_WARN_ABOUT_RETURN_TYPE = YES_ERROR;
				GCC_WARN_UNDECLARED_SELECTOR = YES;
				GCC_WARN_UNINITIALIZED_AUTOS = YES_AGGRESSIVE;
				GCC_WARN_UNUSED_FUNCTION = YES;
				GCC_WARN_UNUSED_VARIABLE = YES;
				IPHONEOS_DEPLOYMENT_TARGET = 11.2;
				MTL_ENABLE_DEBUG_INFO = YES;
				ONLY_ACTIVE_ARCH = YES;
				SDKROOT = iphoneos;
				SWIFT_ACTIVE_COMPILATION_CONDITIONS = DEBUG;
				SWIFT_OPTIMIZATION_LEVEL = "-Onone";
			};
			name = Debug;
		};
		DE564752201A3E7B00CC2DD1 /* Release */ = {
			isa = XCBuildConfiguration;
			buildSettings = {
				ALWAYS_SEARCH_USER_PATHS = NO;
				CLANG_ANALYZER_NONNULL = YES;
				CLANG_ANALYZER_NUMBER_OBJECT_CONVERSION = YES_AGGRESSIVE;
				CLANG_CXX_LANGUAGE_STANDARD = "gnu++14";
				CLANG_CXX_LIBRARY = "libc++";
				CLANG_ENABLE_MODULES = YES;
				CLANG_ENABLE_OBJC_ARC = YES;
				CLANG_WARN_BLOCK_CAPTURE_AUTORELEASING = YES;
				CLANG_WARN_BOOL_CONVERSION = YES;
				CLANG_WARN_COMMA = YES;
				CLANG_WARN_CONSTANT_CONVERSION = YES;
				CLANG_WARN_DIRECT_OBJC_ISA_USAGE = YES_ERROR;
				CLANG_WARN_DOCUMENTATION_COMMENTS = YES;
				CLANG_WARN_EMPTY_BODY = YES;
				CLANG_WARN_ENUM_CONVERSION = YES;
				CLANG_WARN_INFINITE_RECURSION = YES;
				CLANG_WARN_INT_CONVERSION = YES;
				CLANG_WARN_NON_LITERAL_NULL_CONVERSION = YES;
				CLANG_WARN_OBJC_LITERAL_CONVERSION = YES;
				CLANG_WARN_OBJC_ROOT_CLASS = YES_ERROR;
				CLANG_WARN_RANGE_LOOP_ANALYSIS = YES;
				CLANG_WARN_STRICT_PROTOTYPES = YES;
				CLANG_WARN_SUSPICIOUS_MOVE = YES;
				CLANG_WARN_UNGUARDED_AVAILABILITY = YES_AGGRESSIVE;
				CLANG_WARN_UNREACHABLE_CODE = YES;
				CLANG_WARN__DUPLICATE_METHOD_MATCH = YES;
				CODE_SIGN_IDENTITY = "iPhone Developer";
				COPY_PHASE_STRIP = NO;
				DEBUG_INFORMATION_FORMAT = "dwarf-with-dsym";
				ENABLE_NS_ASSERTIONS = NO;
				ENABLE_STRICT_OBJC_MSGSEND = YES;
				GCC_C_LANGUAGE_STANDARD = gnu11;
				GCC_NO_COMMON_BLOCKS = YES;
				GCC_WARN_64_TO_32_BIT_CONVERSION = YES;
				GCC_WARN_ABOUT_RETURN_TYPE = YES_ERROR;
				GCC_WARN_UNDECLARED_SELECTOR = YES;
				GCC_WARN_UNINITIALIZED_AUTOS = YES_AGGRESSIVE;
				GCC_WARN_UNUSED_FUNCTION = YES;
				GCC_WARN_UNUSED_VARIABLE = YES;
				IPHONEOS_DEPLOYMENT_TARGET = 11.2;
				MTL_ENABLE_DEBUG_INFO = NO;
				SDKROOT = iphoneos;
				SWIFT_OPTIMIZATION_LEVEL = "-Owholemodule";
				VALIDATE_PRODUCT = YES;
			};
			name = Release;
		};
		DE564754201A3E7B00CC2DD1 /* Debug */ = {
			isa = XCBuildConfiguration;
			buildSettings = {
				ASSETCATALOG_COMPILER_APPICON_NAME = AppIcon;
				CODE_SIGN_STYLE = Automatic;
				INFOPLIST_FILE = "Student Registration GDP/Info.plist";
				LD_RUNPATH_SEARCH_PATHS = "$(inherited) @executable_path/Frameworks";
				PRODUCT_BUNDLE_IDENTIFIER = "nwmsu.Student-Registration-GDP";
				PRODUCT_NAME = "$(TARGET_NAME)";
				SWIFT_VERSION = 4.0;
				TARGETED_DEVICE_FAMILY = "1,2";
			};
			name = Debug;
		};
		DE564755201A3E7B00CC2DD1 /* Release */ = {
			isa = XCBuildConfiguration;
			buildSettings = {
				ASSETCATALOG_COMPILER_APPICON_NAME = AppIcon;
				CODE_SIGN_STYLE = Automatic;
				INFOPLIST_FILE = "Student Registration GDP/Info.plist";
				LD_RUNPATH_SEARCH_PATHS = "$(inherited) @executable_path/Frameworks";
				PRODUCT_BUNDLE_IDENTIFIER = "nwmsu.Student-Registration-GDP";
				PRODUCT_NAME = "$(TARGET_NAME)";
				SWIFT_VERSION = 4.0;
				TARGETED_DEVICE_FAMILY = "1,2";
			};
			name = Release;
		};
/* End XCBuildConfiguration section */

/* Begin XCConfigurationList section */
		DE56473C201A3E7B00CC2DD1 /* Build configuration list for PBXProject "Student Registration GDP" */ = {
			isa = XCConfigurationList;
			buildConfigurations = (
				DE564751201A3E7B00CC2DD1 /* Debug */,
				DE564752201A3E7B00CC2DD1 /* Release */,
			);
			defaultConfigurationIsVisible = 0;
			defaultConfigurationName = Release;
		};
		DE564753201A3E7B00CC2DD1 /* Build configuration list for PBXNativeTarget "Student Registration GDP" */ = {
			isa = XCConfigurationList;
			buildConfigurations = (
				DE564754201A3E7B00CC2DD1 /* Debug */,
				DE564755201A3E7B00CC2DD1 /* Release */,
			);
			defaultConfigurationIsVisible = 0;
			defaultConfigurationName = Release;
		};
/* End XCConfigurationList section */
	};
	rootObject = DE564739201A3E7B00CC2DD1 /* Project object */;
}
